{
  "name": "@interest-protocol/library",
  "version": "1.2.0",
  "lockfileVersion": 2,
  "requires": true,
  "packages": {
    "": {
      "name": "@interest-protocol/library",
      "version": "1.2.0",
      "license": "MIT",
      "dependencies": {
        "-": "^0.0.1",
        "D": "^1.0.0"
      }
    },
    "node_modules/-": {
      "version": "0.0.1",
      "resolved": "https://registry.npmjs.org/-/-/--0.0.1.tgz",
      "integrity": "sha512-3HfneK3DGAm05fpyj20sT3apkNcvPpCuccOThOPdzz8sY7GgQGe0l93XH9bt+YzibcTIgUAIMoyVJI740RtgyQ=="
    },
    "node_modules/D": {
      "version": "1.0.0",
      "resolved": "https://registry.npmjs.org/D/-/D-1.0.0.tgz",
      "integrity": "sha512-nQvrCBu7K2pSSEtIM0EEF03FVjcczCXInMt3moLNFbjlWx6bZrX72uT6/1uAXDbnzGUAx9gTyDiQ+vrFi663oA==",
      "deprecated": "Package no longer supported. Contact support@npmjs.com for more info."
    }
  },
  "dependencies": {
    "-": {
      "version": "0.0.1",
      "resolved": "https://registry.npmjs.org/-/-/--0.0.1.tgz",
      "integrity": "sha512-3HfneK3DGAm05fpyj20sT3apkNcvPpCuccOThOPdzz8sY7GgQGe0l93XH9bt+YzibcTIgUAIMoyVJI740RtgyQ=="
    },
    "D": {
      "version": "1.0.0",
      "resolved": "https://registry.npmjs.org/D/-/D-1.0.0.tgz",
      "integrity": "sha512-nQvrCBu7K2pSSEtIM0EEF03FVjcczCXInMt3moLNFbjlWx6bZrX72uT6/1uAXDbnzGUAx9gTyDiQ+vrFi663oA=="
    }
  }
}
